// !$*UTF8*$!
{
	archiveVersion = 1;
	classes = {
	};
	objectVersion = 46;
	objects = {

/* Begin PBXBuildFile section */
		841C46B81D65F16F001375E9 /* FinalViewController.swift in Sources */ = {isa = PBXBuildFile; fileRef = 841C46B71D65F16F001375E9 /* FinalViewController.swift */; };
		841C46BA1D6600FE001375E9 /* png in Resources */ = {isa = PBXBuildFile; fileRef = 841C46B91D6600FE001375E9 /* png */; };
		841C46BC1D660404001375E9 /* PlaycardHelper.swift in Sources */ = {isa = PBXBuildFile; fileRef = 841C46BB1D660404001375E9 /* PlaycardHelper.swift */; };
		84C39C741D64E40D006B51C1 /* AppDelegate.swift in Sources */ = {isa = PBXBuildFile; fileRef = 84C39C731D64E40D006B51C1 /* AppDelegate.swift */; };
		84C39C761D64E40D006B51C1 /* ViewController.swift in Sources */ = {isa = PBXBuildFile; fileRef = 84C39C751D64E40D006B51C1 /* ViewController.swift */; };
		84C39C791D64E40D006B51C1 /* Main.storyboard in Resources */ = {isa = PBXBuildFile; fileRef = 84C39C771D64E40D006B51C1 /* Main.storyboard */; };
		84C39C7C1D64E40D006B51C1 /* Single.xcdatamodeld in Sources */ = {isa = PBXBuildFile; fileRef = 84C39C7A1D64E40D006B51C1 /* Single.xcdatamodeld */; };
		84C39C7E1D64E40D006B51C1 /* Assets.xcassets in Resources */ = {isa = PBXBuildFile; fileRef = 84C39C7D1D64E40D006B51C1 /* Assets.xcassets */; };
		84C39C811D64E40D006B51C1 /* LaunchScreen.storyboard in Resources */ = {isa = PBXBuildFile; fileRef = 84C39C7F1D64E40D006B51C1 /* LaunchScreen.storyboard */; };
		84C39C8C1D64E40D006B51C1 /* SingleTests.swift in Sources */ = {isa = PBXBuildFile; fileRef = 84C39C8B1D64E40D006B51C1 /* SingleTests.swift */; };
		84C39C971D64E40D006B51C1 /* SingleUITests.swift in Sources */ = {isa = PBXBuildFile; fileRef = 84C39C961D64E40D006B51C1 /* SingleUITests.swift */; };
		84C39CA51D64E488006B51C1 /* SecondViewController.swift in Sources */ = {isa = PBXBuildFile; fileRef = 84C39CA41D64E488006B51C1 /* SecondViewController.swift */; };
		84C39CA71D65EB29006B51C1 /* SplashViewController.swift in Sources */ = {isa = PBXBuildFile; fileRef = 84C39CA61D65EB29006B51C1 /* SplashViewController.swift */; };
/* End PBXBuildFile section */

/* Begin PBXContainerItemProxy section */
		84C39C881D64E40D006B51C1 /* PBXContainerItemProxy */ = {
			isa = PBXContainerItemProxy;
			containerPortal = 84C39C681D64E40D006B51C1 /* Project object */;
			proxyType = 1;
			remoteGlobalIDString = 84C39C6F1D64E40D006B51C1;
			remoteInfo = Single;
		};
		84C39C931D64E40D006B51C1 /* PBXContainerItemProxy */ = {
			isa = PBXContainerItemProxy;
			containerPortal = 84C39C681D64E40D006B51C1 /* Project object */;
			proxyType = 1;
			remoteGlobalIDString = 84C39C6F1D64E40D006B51C1;
			remoteInfo = Single;
		};
/* End PBXContainerItemProxy section */

/* Begin PBXFileReference section */
		841C46B71D65F16F001375E9 /* FinalViewController.swift */ = {isa = PBXFileReference; fileEncoding = 4; lastKnownFileType = sourcecode.swift; path = FinalViewController.swift; sourceTree = "<group>"; };
		841C46B91D6600FE001375E9 /* png */ = {isa = PBXFileReference; lastKnownFileType = folder; name = png; path = ../../../../Downloads/trump/png; sourceTree = "<group>"; };
		841C46BB1D660404001375E9 /* PlaycardHelper.swift */ = {isa = PBXFileReference; fileEncoding = 4; lastKnownFileType = sourcecode.swift; path = PlaycardHelper.swift; sourceTree = "<group>"; };
		84C39C701D64E40D006B51C1 /* Single.app */ = {isa = PBXFileReference; explicitFileType = wrapper.application; includeInIndex = 0; path = Single.app; sourceTree = BUILT_PRODUCTS_DIR; };
		84C39C731D64E40D006B51C1 /* AppDelegate.swift */ = {isa = PBXFileReference; lastKnownFileType = sourcecode.swift; path = AppDelegate.swift; sourceTree = "<group>"; };
		84C39C751D64E40D006B51C1 /* ViewController.swift */ = {isa = PBXFileReference; lastKnownFileType = sourcecode.swift; path = ViewController.swift; sourceTree = "<group>"; };
		84C39C781D64E40D006B51C1 /* Base */ = {isa = PBXFileReference; lastKnownFileType = file.storyboard; name = Base; path = Base.lproj/Main.storyboard; sourceTree = "<group>"; };
		84C39C7B1D64E40D006B51C1 /* Single.xcdatamodel */ = {isa = PBXFileReference; lastKnownFileType = wrapper.xcdatamodel; path = Single.xcdatamodel; sourceTree = "<group>"; };
		84C39C7D1D64E40D006B51C1 /* Assets.xcassets */ = {isa = PBXFileReference; lastKnownFileType = folder.assetcatalog; path = Assets.xcassets; sourceTree = "<group>"; };
		84C39C801D64E40D006B51C1 /* Base */ = {isa = PBXFileReference; lastKnownFileType = file.storyboard; name = Base; path = Base.lproj/LaunchScreen.storyboard; sourceTree = "<group>"; };
		84C39C821D64E40D006B51C1 /* Info.plist */ = {isa = PBXFileReference; lastKnownFileType = text.plist.xml; path = Info.plist; sourceTree = "<group>"; };
		84C39C871D64E40D006B51C1 /* SingleTests.xctest */ = {isa = PBXFileReference; explicitFileType = wrapper.cfbundle; includeInIndex = 0; path = SingleTests.xctest; sourceTree = BUILT_PRODUCTS_DIR; };
		84C39C8B1D64E40D006B51C1 /* SingleTests.swift */ = {isa = PBXFileReference; lastKnownFileType = sourcecode.swift; path = SingleTests.swift; sourceTree = "<group>"; };
		84C39C8D1D64E40D006B51C1 /* Info.plist */ = {isa = PBXFileReference; lastKnownFileType = text.plist.xml; path = Info.plist; sourceTree = "<group>"; };
		84C39C921D64E40D006B51C1 /* SingleUITests.xctest */ = {isa = PBXFileReference; explicitFileType = wrapper.cfbundle; includeInIndex = 0; path = SingleUITests.xctest; sourceTree = BUILT_PRODUCTS_DIR; };
		84C39C961D64E40D006B51C1 /* SingleUITests.swift */ = {isa = PBXFileReference; lastKnownFileType = sourcecode.swift; path = SingleUITests.swift; sourceTree = "<group>"; };
		84C39C981D64E40D006B51C1 /* Info.plist */ = {isa = PBXFileReference; lastKnownFileType = text.plist.xml; path = Info.plist; sourceTree = "<group>"; };
		84C39CA41D64E488006B51C1 /* SecondViewController.swift */ = {isa = PBXFileReference; fileEncoding = 4; lastKnownFileType = sourcecode.swift; path = SecondViewController.swift; sourceTree = "<group>"; };
		84C39CA61D65EB29006B51C1 /* SplashViewController.swift */ = {isa = PBXFileReference; fileEncoding = 4; lastKnownFileType = sourcecode.swift; path = SplashViewController.swift; sourceTree = "<group>"; };
/* End PBXFileReference section */

/* Begin PBXFrameworksBuildPhase section */
		84C39C6D1D64E40D006B51C1 /* Frameworks */ = {
			isa = PBXFrameworksBuildPhase;
			buildActionMask = 2147483647;
			files = (
			);
			runOnlyForDeploymentPostprocessing = 0;
		};
		84C39C841D64E40D006B51C1 /* Frameworks */ = {
			isa = PBXFrameworksBuildPhase;
			buildActionMask = 2147483647;
			files = (
			);
			runOnlyForDeploymentPostprocessing = 0;
		};
		84C39C8F1D64E40D006B51C1 /* Frameworks */ = {
			isa = PBXFrameworksBuildPhase;
			buildActionMask = 2147483647;
			files = (
			);
			runOnlyForDeploymentPostprocessing = 0;
		};
/* End PBXFrameworksBuildPhase section */

/* Begin PBXGroup section */
		84C39C671D64E40D006B51C1 = {
			isa = PBXGroup;
			children = (
				84C39C721D64E40D006B51C1 /* Single */,
				84C39C8A1D64E40D006B51C1 /* SingleTests */,
				84C39C951D64E40D006B51C1 /* SingleUITests */,
				84C39C711D64E40D006B51C1 /* Products */,
			);
			sourceTree = "<group>";
		};
		84C39C711D64E40D006B51C1 /* Products */ = {
			isa = PBXGroup;
			children = (
				84C39C701D64E40D006B51C1 /* Single.app */,
				84C39C871D64E40D006B51C1 /* SingleTests.xctest */,
				84C39C921D64E40D006B51C1 /* SingleUITests.xctest */,
			);
			name = Products;
			sourceTree = "<group>";
		};
		84C39C721D64E40D006B51C1 /* Single */ = {
			isa = PBXGroup;
			children = (
				841C46B91D6600FE001375E9 /* png */,
				84C39C731D64E40D006B51C1 /* AppDelegate.swift */,
				84C39CA61D65EB29006B51C1 /* SplashViewController.swift */,
				84C39C751D64E40D006B51C1 /* ViewController.swift */,
				84C39CA41D64E488006B51C1 /* SecondViewController.swift */,
				841C46B71D65F16F001375E9 /* FinalViewController.swift */,
				841C46BB1D660404001375E9 /* PlaycardHelper.swift */,
				84C39C771D64E40D006B51C1 /* Main.storyboard */,
				84C39C7D1D64E40D006B51C1 /* Assets.xcassets */,
				84C39C7F1D64E40D006B51C1 /* LaunchScreen.storyboard */,
				84C39C821D64E40D006B51C1 /* Info.plist */,
				84C39C7A1D64E40D006B51C1 /* Single.xcdatamodeld */,
			);
			path = Single;
			sourceTree = "<group>";
		};
		84C39C8A1D64E40D006B51C1 /* SingleTests */ = {
			isa = PBXGroup;
			children = (
				84C39C8B1D64E40D006B51C1 /* SingleTests.swift */,
				84C39C8D1D64E40D006B51C1 /* Info.plist */,
			);
			path = SingleTests;
			sourceTree = "<group>";
		};
		84C39C951D64E40D006B51C1 /* SingleUITests */ = {
			isa = PBXGroup;
			children = (
				84C39C961D64E40D006B51C1 /* SingleUITests.swift */,
				84C39C981D64E40D006B51C1 /* Info.plist */,
			);
			path = SingleUITests;
			sourceTree = "<group>";
		};
/* End PBXGroup section */

/* Begin PBXNativeTarget section */
		84C39C6F1D64E40D006B51C1 /* Single */ = {
			isa = PBXNativeTarget;
			buildConfigurationList = 84C39C9B1D64E40D006B51C1 /* Build configuration list for PBXNativeTarget "Single" */;
			buildPhases = (
				84C39C6C1D64E40D006B51C1 /* Sources */,
				84C39C6D1D64E40D006B51C1 /* Frameworks */,
				84C39C6E1D64E40D006B51C1 /* Resources */,
			);
			buildRules = (
			);
			dependencies = (
			);
			name = Single;
			productName = Single;
			productReference = 84C39C701D64E40D006B51C1 /* Single.app */;
			productType = "com.apple.product-type.application";
		};
		84C39C861D64E40D006B51C1 /* SingleTests */ = {
			isa = PBXNativeTarget;
			buildConfigurationList = 84C39C9E1D64E40D006B51C1 /* Build configuration list for PBXNativeTarget "SingleTests" */;
			buildPhases = (
				84C39C831D64E40D006B51C1 /* Sources */,
				84C39C841D64E40D006B51C1 /* Frameworks */,
				84C39C851D64E40D006B51C1 /* Resources */,
			);
			buildRules = (
			);
			dependencies = (
				84C39C891D64E40D006B51C1 /* PBXTargetDependency */,
			);
			name = SingleTests;
			productName = SingleTests;
			productReference = 84C39C871D64E40D006B51C1 /* SingleTests.xctest */;
			productType = "com.apple.product-type.bundle.unit-test";
		};
		84C39C911D64E40D006B51C1 /* SingleUITests */ = {
			isa = PBXNativeTarget;
			buildConfigurationList = 84C39CA11D64E40D006B51C1 /* Build configuration list for PBXNativeTarget "SingleUITests" */;
			buildPhases = (
				84C39C8E1D64E40D006B51C1 /* Sources */,
				84C39C8F1D64E40D006B51C1 /* Frameworks */,
				84C39C901D64E40D006B51C1 /* Resources */,
			);
			buildRules = (
			);
			dependencies = (
				84C39C941D64E40D006B51C1 /* PBXTargetDependency */,
			);
			name = SingleUITests;
			productName = SingleUITests;
			productReference = 84C39C921D64E40D006B51C1 /* SingleUITests.xctest */;
			productType = "com.apple.product-type.bundle.ui-testing";
		};
/* End PBXNativeTarget section */

/* Begin PBXProject section */
		84C39C681D64E40D006B51C1 /* Project object */ = {
			isa = PBXProject;
			attributes = {
				LastSwiftUpdateCheck = 0730;
				LastUpgradeCheck = 0730;
				ORGANIZATIONNAME = admin;
				TargetAttributes = {
					84C39C6F1D64E40D006B51C1 = {
						CreatedOnToolsVersion = 7.3.1;
					};
					84C39C861D64E40D006B51C1 = {
						CreatedOnToolsVersion = 7.3.1;
						TestTargetID = 84C39C6F1D64E40D006B51C1;
					};
					84C39C911D64E40D006B51C1 = {
						CreatedOnToolsVersion = 7.3.1;
						TestTargetID = 84C39C6F1D64E40D006B51C1;
					};
				};
			};
			buildConfigurationList = 84C39C6B1D64E40D006B51C1 /* Build configuration list for PBXProject "Single" */;
			compatibilityVersion = "Xcode 3.2";
			developmentRegion = English;
			hasScannedForEncodings = 0;
			knownRegions = (
				en,
				Base,
			);
			mainGroup = 84C39C671D64E40D006B51C1;
			productRefGroup = 84C39C711D64E40D006B51C1 /* Products */;
			projectDirPath = "";
			projectRoot = "";
			targets = (
				84C39C6F1D64E40D006B51C1 /* Single */,
				84C39C861D64E40D006B51C1 /* SingleTests */,
				84C39C911D64E40D006B51C1 /* SingleUITests */,
			);
		};
/* End PBXProject section */

/* Begin PBXResourcesBuildPhase section */
		84C39C6E1D64E40D006B51C1 /* Resources */ = {
			isa = PBXResourcesBuildPhase;
			buildActionMask = 2147483647;
			files = (
				841C46BA1D6600FE001375E9 /* png in Resources */,
				84C39C811D64E40D006B51C1 /* LaunchScreen.storyboard in Resources */,
				84C39C7E1D64E40D006B51C1 /* Assets.xcassets in Resources */,
				84C39C791D64E40D006B51C1 /* Main.storyboard in Resources */,
			);
			runOnlyForDeploymentPostprocessing = 0;
		};
		84C39C851D64E40D006B51C1 /* Resources */ = {
			isa = PBXResourcesBuildPhase;
			buildActionMask = 2147483647;
			files = (
			);
			runOnlyForDeploymentPostprocessing = 0;
		};
		84C39C901D64E40D006B51C1 /* Resources */ = {
			isa = PBXResourcesBuildPhase;
			buildActionMask = 2147483647;
			files = (
			);
			runOnlyForDeploymentPostprocessing = 0;
		};
/* End PBXResourcesBuildPhase section */

/* Begin PBXSourcesBuildPhase section */
		84C39C6C1D64E40D006B51C1 /* Sources */ = {
			isa = PBXSourcesBuildPhase;
			buildActionMask = 2147483647;
			files = (
				84C39CA51D64E488006B51C1 /* SecondViewController.swift in Sources */,
				841C46B81D65F16F001375E9 /* FinalViewController.swift in Sources */,
				841C46BC1D660404001375E9 /* PlaycardHelper.swift in Sources */,
				84C39C7C1D64E40D006B51C1 /* Single.xcdatamodeld in Sources */,
				84C39C761D64E40D006B51C1 /* ViewController.swift in Sources */,
				84C39C741D64E40D006B51C1 /* AppDelegate.swift in Sources */,
				84C39CA71D65EB29006B51C1 /* SplashViewController.swift in Sources */,
			);
			runOnlyForDeploymentPostprocessing = 0;
		};
		84C39C831D64E40D006B51C1 /* Sources */ = {
			isa = PBXSourcesBuildPhase;
			buildActionMask = 2147483647;
			files = (
				84C39C8C1D64E40D006B51C1 /* SingleTests.swift in Sources */,
			);
			runOnlyForDeploymentPostprocessing = 0;
		};
		84C39C8E1D64E40D006B51C1 /* Sources */ = {
			isa = PBXSourcesBuildPhase;
			buildActionMask = 2147483647;
			files = (
				84C39C971D64E40D006B51C1 /* SingleUITests.swift in Sources */,
			);
			runOnlyForDeploymentPostprocessing = 0;
		};
/* End PBXSourcesBuildPhase section */

/* Begin PBXTargetDependency section */
		84C39C891D64E40D006B51C1 /* PBXTargetDependency */ = {
			isa = PBXTargetDependency;
			target = 84C39C6F1D64E40D006B51C1 /* Single */;
			targetProxy = 84C39C881D64E40D006B51C1 /* PBXContainerItemProxy */;
		};
		84C39C941D64E40D006B51C1 /* PBXTargetDependency */ = {
			isa = PBXTargetDependency;
			target = 84C39C6F1D64E40D006B51C1 /* Single */;
			targetProxy = 84C39C931D64E40D006B51C1 /* PBXContainerItemProxy */;
		};
/* End PBXTargetDependency section */

/* Begin PBXVariantGroup section */
		84C39C771D64E40D006B51C1 /* Main.storyboard */ = {
			isa = PBXVariantGroup;
			children = (
				84C39C781D64E40D006B51C1 /* Base */,
			);
			name = Main.storyboard;
			sourceTree = "<group>";
		};
		84C39C7F1D64E40D006B51C1 /* LaunchScreen.storyboard */ = {
			isa = PBXVariantGroup;
			children = (
				84C39C801D64E40D006B51C1 /* Base */,
			);
			name = LaunchScreen.storyboard;
			sourceTree = "<group>";
		};
/* End PBXVariantGroup section */

/* Begin XCBuildConfiguration section */
		84C39C991D64E40D006B51C1 /* Debug */ = {
			isa = XCBuildConfiguration;
			buildSettings = {
				ALWAYS_SEARCH_USER_PATHS = NO;
				CLANG_ANALYZER_NONNULL = YES;
				CLANG_CXX_LANGUAGE_STANDARD = "gnu++0x";
				CLANG_CXX_LIBRARY = "libc++";
				CLANG_ENABLE_MODULES = YES;
				CLANG_ENABLE_OBJC_ARC = YES;
				CLANG_WARN_BOOL_CONVERSION = YES;
				CLANG_WARN_CONSTANT_CONVERSION = YES;
				CLANG_WARN_DIRECT_OBJC_ISA_USAGE = YES_ERROR;
				CLANG_WARN_EMPTY_BODY = YES;
				CLANG_WARN_ENUM_CONVERSION = YES;
				CLANG_WARN_INT_CONVERSION = YES;
				CLANG_WARN_OBJC_ROOT_CLASS = YES_ERROR;
				CLANG_WARN_UNREACHABLE_CODE = YES;
				CLANG_WARN__DUPLICATE_METHOD_MATCH = YES;
				"CODE_SIGN_IDENTITY[sdk=iphoneos*]" = "iPhone Developer";
				COPY_PHASE_STRIP = NO;
				DEBUG_INFORMATION_FORMAT = dwarf;
				ENABLE_STRICT_OBJC_MSGSEND = YES;
				ENABLE_TESTABILITY = YES;
				GCC_C_LANGUAGE_STANDARD = gnu99;
				GCC_DYNAMIC_NO_PIC = NO;
				GCC_NO_COMMON_BLOCKS = YES;
				GCC_OPTIMIZATION_LEVEL = 0;
				GCC_PREPROCESSOR_DEFINITIONS = (
					"DEBUG=1",
					"$(inherited)",
				);
				GCC_WARN_64_TO_32_BIT_CONVERSION = YES;
				GCC_WARN_ABOUT_RETURN_TYPE = YES_ERROR;
				GCC_WARN_UNDECLARED_SELECTOR = YES;
				GCC_WARN_UNINITIALIZED_AUTOS = YES_AGGRESSIVE;
				GCC_WARN_UNUSED_FUNCTION = YES;
				GCC_WARN_UNUSED_VARIABLE = YES;
				IPHONEOS_DEPLOYMENT_TARGET = 9.3;
				MTL_ENABLE_DEBUG_INFO = YES;
				ONLY_ACTIVE_ARCH = YES;
				SDKROOT = iphoneos;
				SWIFT_OPTIMIZATION_LEVEL = "-Onone";
			};
			name = Debug;
		};
		84C39C9A1D64E40D006B51C1 /* Release */ = {
			isa = XCBuildConfiguration;
			buildSettings = {
				ALWAYS_SEARCH_USER_PATHS = NO;
				CLANG_ANALYZER_NONNULL = YES;
				CLANG_CXX_LANGUAGE_STANDARD = "gnu++0x";
				CLANG_CXX_LIBRARY = "libc++";
				CLANG_ENABLE_MODULES = YES;
				CLANG_ENABLE_OBJC_ARC = YES;
				CLANG_WARN_BOOL_CONVERSION = YES;
				CLANG_WARN_CONSTANT_CONVERSION = YES;
				CLANG_WARN_DIRECT_OBJC_ISA_USAGE = YES_ERROR;
				CLANG_WARN_EMPTY_BODY = YES;
				CLANG_WARN_ENUM_CONVERSION = YES;
				CLANG_WARN_INT_CONVERSION = YES;
				CLANG_WARN_OBJC_ROOT_CLASS = YES_ERROR;
				CLANG_WARN_UNREACHABLE_CODE = YES;
				CLANG_WARN__DUPLICATE_METHOD_MATCH = YES;
				"CODE_SIGN_IDENTITY[sdk=iphoneos*]" = "iPhone Developer";
				COPY_PHASE_STRIP = NO;
				DEBUG_INFORMATION_FORMAT = "dwarf-with-dsym";
				ENABLE_NS_ASSERTIONS = NO;
				ENABLE_STRICT_OBJC_MSGSEND = YES;
				GCC_C_LANGUAGE_STANDARD = gnu99;
				GCC_NO_COMMON_BLOCKS = YES;
				GCC_WARN_64_TO_32_BIT_CONVERSION = YES;
				GCC_WARN_ABOUT_RETURN_TYPE = YES_ERROR;
				GCC_WARN_UNDECLARED_SELECTOR = YES;
				GCC_WARN_UNINITIALIZED_AUTOS = YES_AGGRESSIVE;
				GCC_WARN_UNUSED_FUNCTION = YES;
				GCC_WARN_UNUSED_VARIABLE = YES;
				IPHONEOS_DEPLOYMENT_TARGET = 9.3;
				MTL_ENABLE_DEBUG_INFO = NO;
				SDKROOT = iphoneos;
				VALIDATE_PRODUCT = YES;
			};
			name = Release;
		};
		84C39C9C1D64E40D006B51C1 /* Debug */ = {
			isa = XCBuildConfiguration;
			buildSettings = {
				ASSETCATALOG_COMPILER_APPICON_NAME = AppIcon;
				INFOPLIST_FILE = Single/Info.plist;
				LD_RUNPATH_SEARCH_PATHS = "$(inherited) @executable_path/Frameworks";
				PRODUCT_BUNDLE_IDENTIFIER = japan.Single;
				PRODUCT_NAME = "$(TARGET_NAME)";
			};
			name = Debug;
		};
		84C39C9D1D64E40D006B51C1 /* Release */ = {
			isa = XCBuildConfiguration;
			buildSettings = {
				ASSETCATALOG_COMPILER_APPICON_NAME = AppIcon;
				INFOPLIST_FILE = Single/Info.plist;
				LD_RUNPATH_SEARCH_PATHS = "$(inherited) @executable_path/Frameworks";
				PRODUCT_BUNDLE_IDENTIFIER = japan.Single;
				PRODUCT_NAME = "$(TARGET_NAME)";
			};
			name = Release;
		};
		84C39C9F1D64E40D006B51C1 /* Debug */ = {
			isa = XCBuildConfiguration;
			buildSettings = {
				BUNDLE_LOADER = "$(TEST_HOST)";
				INFOPLIST_FILE = SingleTests/Info.plist;
				LD_RUNPATH_SEARCH_PATHS = "$(inherited) @executable_path/Frameworks @loader_path/Frameworks";
				PRODUCT_BUNDLE_IDENTIFIER = japan.SingleTests;
				PRODUCT_NAME = "$(TARGET_NAME)";
				TEST_HOST = "$(BUILT_PRODUCTS_DIR)/Single.app/Single";
			};
			name = Debug;
		};
		84C39CA01D64E40D006B51C1 /* Release */ = {
			isa = XCBuildConfiguration;
			buildSettings = {
				BUNDLE_LOADER = "$(TEST_HOST)";
				INFOPLIST_FILE = SingleTests/Info.plist;
				LD_RUNPATH_SEARCH_PATHS = "$(inherited) @executable_path/Frameworks @loader_path/Frameworks";
				PRODUCT_BUNDLE_IDENTIFIER = japan.SingleTests;
				PRODUCT_NAME = "$(TARGET_NAME)";
				TEST_HOST = "$(BUILT_PRODUCTS_DIR)/Single.app/Single";
			};
			name = Release;
		};
		84C39CA21D64E40D006B51C1 /* Debug */ = {
			isa = XCBuildConfiguration;
			buildSettings = {
				INFOPLIST_FILE = SingleUITests/Info.plist;
				LD_RUNPATH_SEARCH_PATHS = "$(inherited) @executable_path/Frameworks @loader_path/Frameworks";
				PRODUCT_BUNDLE_IDENTIFIER = japan.SingleUITests;
				PRODUCT_NAME = "$(TARGET_NAME)";
				TEST_TARGET_NAME = Single;
			};
			name = Debug;
		};
		84C39CA31D64E40D006B51C1 /* Release */ = {
			isa = XCBuildConfiguration;
			buildSettings = {
				INFOPLIST_FILE = SingleUITests/Info.plist;
				LD_RUNPATH_SEARCH_PATHS = "$(inherited) @executable_path/Frameworks @loader_path/Frameworks";
				PRODUCT_BUNDLE_IDENTIFIER = japan.SingleUITests;
				PRODUCT_NAME = "$(TARGET_NAME)";
				TEST_TARGET_NAME = Single;
			};
			name = Release;
		};
/* End XCBuildConfiguration section */

/* Begin XCConfigurationList section */
		84C39C6B1D64E40D006B51C1 /* Build configuration list for PBXProject "Single" */ = {
			isa = XCConfigurationList;
			buildConfigurations = (
				84C39C991D64E40D006B51C1 /* Debug */,
				84C39C9A1D64E40D006B51C1 /* Release */,
			);
			defaultConfigurationIsVisible = 0;
			defaultConfigurationName = Release;
		};
		84C39C9B1D64E40D006B51C1 /* Build configuration list for PBXNativeTarget "Single" */ = {
			isa = XCConfigurationList;
			buildConfigurations = (
				84C39C9C1D64E40D006B51C1 /* Debug */,
				84C39C9D1D64E40D006B51C1 /* Release */,
			);
			defaultConfigurationIsVisible = 0;
			defaultConfigurationName = Release;
		};
		84C39C9E1D64E40D006B51C1 /* Build configuration list for PBXNativeTarget "SingleTests" */ = {
			isa = XCConfigurationList;
			buildConfigurations = (
				84C39C9F1D64E40D006B51C1 /* Debug */,
				84C39CA01D64E40D006B51C1 /* Release */,
			);
			defaultConfigurationIsVisible = 0;
			defaultConfigurationName = Release;
		};
		84C39CA11D64E40D006B51C1 /* Build configuration list for PBXNativeTarget "SingleUITests" */ = {
			isa = XCConfigurationList;
			buildConfigurations = (
				84C39CA21D64E40D006B51C1 /* Debug */,
				84C39CA31D64E40D006B51C1 /* Release */,
			);
			defaultConfigurationIsVisible = 0;
			defaultConfigurationName = Release;
		};
/* End XCConfigurationList section */

/* Begin XCVersionGroup section */
		84C39C7A1D64E40D006B51C1 /* Single.xcdatamodeld */ = {
			isa = XCVersionGroup;
			children = (
				84C39C7B1D64E40D006B51C1 /* Single.xcdatamodel */,
			);
			currentVersion = 84C39C7B1D64E40D006B51C1 /* Single.xcdatamodel */;
			path = Single.xcdatamodeld;
			sourceTree = "<group>";
			versionGroupType = wrapper.xcdatamodel;
		};
/* End XCVersionGroup section */
	};
	rootObject = 84C39C681D64E40D006B51C1 /* Project object */;
}
